<?xml version="1.0" encoding="utf-8"?>
<Project ToolsVersion="4.0" xmlns="http://schemas.microsoft.com/developer/msbuild/2003">
  <ItemGroup>
    <Filter Include="리소스 파일">
      <UniqueIdentifier>{67DA6AB6-F800-4c08-8B7A-83BB121AAD01}</UniqueIdentifier>
      <Extensions>rc;ico;cur;bmp;dlg;rc2;rct;bin;rgs;gif;jpg;jpeg;jpe;resx;tiff;tif;png;wav;mfcribbon-ms</Extensions>
    </Filter>
    <Filter Include="01.Managers">
      <UniqueIdentifier>{11cb80c4-4a3a-4c80-93ac-77f3195f66a6}</UniqueIdentifier>
    </Filter>
    <Filter Include="99.Utils">
      <UniqueIdentifier>{c2f75e66-c499-44b9-a680-117d0bcd6f96}</UniqueIdentifier>
    </Filter>
    <Filter Include="9999.Comments">
      <UniqueIdentifier>{ce52dc93-af37-4d51-a5a0-43578e48ed64}</UniqueIdentifier>
    </Filter>
    <Filter Include="00.Main">
      <UniqueIdentifier>{89bd8f11-ead5-438c-b4aa-c5d3ba9586ad}</UniqueIdentifier>
    </Filter>
    <Filter Include="02.Scenes">
      <UniqueIdentifier>{525ec5c5-efa7-438c-adec-78728936536d}</UniqueIdentifier>
    </Filter>
    <Filter Include="02.Scenes\Game">
      <UniqueIdentifier>{498617e5-60bc-4422-acf6-d5b5360b7b17}</UniqueIdentifier>
    </Filter>
    <Filter Include="99.Utils\Types">
      <UniqueIdentifier>{66dba61e-e804-4f33-9925-c89734d464fb}</UniqueIdentifier>
    </Filter>
    <Filter Include="03.Objects">
      <UniqueIdentifier>{16bb99aa-da91-4c57-b4e4-f4ef4376d450}</UniqueIdentifier>
    </Filter>
    <Filter Include="04.Components">
      <UniqueIdentifier>{3e2f32a6-1480-46e9-ae3f-5f3c6e6c130d}</UniqueIdentifier>
    </Filter>
    <Filter Include="04.Components\Collider">
      <UniqueIdentifier>{52667726-6f3d-4080-a67c-a52f774861d7}</UniqueIdentifier>
    </Filter>
    <Filter Include="03.Objects\BrickGame">
      <UniqueIdentifier>{2de1e0cc-2bff-463c-9dea-67d327a73b87}</UniqueIdentifier>
    </Filter>
    <Filter Include="05.Resources">
      <UniqueIdentifier>{5e257ce7-fac0-447a-8f29-da2427908d07}</UniqueIdentifier>
    </Filter>
    <Filter Include="03.Objects\MoleGame">
      <UniqueIdentifier>{2e99f403-52f2-431b-8cb4-207da1c2b1ed}</UniqueIdentifier>
    </Filter>
    <Filter Include="06.UI">
      <UniqueIdentifier>{718fd385-ce2a-42d0-ac1a-7d57fd7503d5}</UniqueIdentifier>
    </Filter>
    <Filter Include="06.UI\Game">
      <UniqueIdentifier>{d7ccdc0b-e58d-40e6-9800-7bcae3095044}</UniqueIdentifier>
    </Filter>
  </ItemGroup>
  <ItemGroup>
    <ClInclude Include="framework.h">
      <Filter>99.Utils</Filter>
    </ClInclude>
    <ClInclude Include="Resource.h">
      <Filter>99.Utils</Filter>
    </ClInclude>
    <ClInclude Include="targetver.h">
      <Filter>99.Utils</Filter>
    </ClInclude>
    <ClInclude Include="WindowsAPI.h">
      <Filter>00.Main</Filter>
    </ClInclude>
    <ClInclude Include="pch.h">
      <Filter>99.Utils</Filter>
    </ClInclude>
    <ClInclude Include="Defines.h">
      <Filter>99.Utils</Filter>
    </ClInclude>
    <ClInclude Include="CommonFunction.h">
      <Filter>99.Utils</Filter>
    </ClInclude>
    <ClInclude Include="Game.h">
      <Filter>00.Main</Filter>
    </ClInclude>
    <ClInclude Include="TimeManager.h">
      <Filter>01.Managers</Filter>
    </ClInclude>
    <ClInclude Include="InputManager.h">
      <Filter>01.Managers</Filter>
    </ClInclude>
    <ClInclude Include="SceneManager.h">
      <Filter>01.Managers</Filter>
    </ClInclude>
    <ClInclude Include="Scene.h">
      <Filter>02.Scenes</Filter>
    </ClInclude>
    <ClInclude Include="Enums.h">
      <Filter>99.Utils</Filter>
    </ClInclude>
    <ClInclude Include="Dev1Scene.h">
      <Filter>02.Scenes\Game</Filter>
    </ClInclude>
    <ClInclude Include="Dev2Scene.h">
      <Filter>02.Scenes\Game</Filter>
    </ClInclude>
    <ClInclude Include="Types.h">
      <Filter>99.Utils\Types</Filter>
    </ClInclude>
    <ClInclude Include="Vector2.h">
      <Filter>99.Utils\Types</Filter>
    </ClInclude>
    <ClInclude Include="CenterRect.h">
      <Filter>99.Utils\Types</Filter>
    </ClInclude>
    <ClInclude Include="PongGameScene.h">
      <Filter>02.Scenes\Game</Filter>
    </ClInclude>
    <ClInclude Include="BrickGameScene.h">
      <Filter>02.Scenes\Game</Filter>
    </ClInclude>
    <ClInclude Include="Actor.h">
      <Filter>03.Objects</Filter>
    </ClInclude>
    <ClInclude Include="Component.h">
      <Filter>04.Components</Filter>
    </ClInclude>
    <ClInclude Include="Collider.h">
      <Filter>04.Components\Collider</Filter>
    </ClInclude>
    <ClInclude Include="BoxCollider.h">
      <Filter>04.Components\Collider</Filter>
    </ClInclude>
    <ClInclude Include="CollisionManager.h">
      <Filter>01.Managers</Filter>
    </ClInclude>
    <ClInclude Include="PaddleActor.h">
      <Filter>03.Objects\BrickGame</Filter>
    </ClInclude>
    <ClInclude Include="BallActor.h">
      <Filter>03.Objects\BrickGame</Filter>
    </ClInclude>
    <ClInclude Include="WallActor.h">
      <Filter>03.Objects\BrickGame</Filter>
    </ClInclude>
    <ClInclude Include="BrickActor.h">
      <Filter>03.Objects\BrickGame</Filter>
    </ClInclude>
    <ClInclude Include="PlayerController.h">
      <Filter>03.Objects\BrickGame</Filter>
    </ClInclude>
    <ClInclude Include="ResourceBase.h">
      <Filter>05.Resources</Filter>
    </ClInclude>
    <ClInclude Include="ResourceManager.h">
      <Filter>01.Managers</Filter>
    </ClInclude>
    <ClInclude Include="Vector2Int.h">
      <Filter>99.Utils\Types</Filter>
    </ClInclude>
    <ClInclude Include="Texture.h">
      <Filter>05.Resources</Filter>
    </ClInclude>
    <ClInclude Include="CameraComponent.h">
      <Filter>04.Components</Filter>
    </ClInclude>
    <ClInclude Include="Sprite.h">
      <Filter>05.Resources</Filter>
    </ClInclude>
    <ClInclude Include="Sound.h">
      <Filter>05.Resources</Filter>
    </ClInclude>
    <ClInclude Include="Flipbook.h">
      <Filter>05.Resources</Filter>
    </ClInclude>
    <ClInclude Include="UI.h">
      <Filter>06.UI</Filter>
    </ClInclude>
    <ClInclude Include="Button.h">
      <Filter>06.UI</Filter>
    </ClInclude>
    <ClInclude Include="Image.h">
      <Filter>06.UI</Filter>
    </ClInclude>
    <ClInclude Include="Panel.h">
      <Filter>06.UI</Filter>
    </ClInclude>
    <ClInclude Include="TestPanel.h">
      <Filter>06.UI\Game</Filter>
    </ClInclude>
    <ClInclude Include="TilemapActor.h">
      <Filter>03.Objects</Filter>
    </ClInclude>
    <ClInclude Include="SoundManager.h">
      <Filter>01.Managers</Filter>
    </ClInclude>
    <ClInclude Include="RandomManager.h">
      <Filter>01.Managers</Filter>
    </ClInclude>
    <ClInclude Include="Tilemap.h">
      <Filter>05.Resources</Filter>
    </ClInclude>
    <ClInclude Include="DefineContents.h">
      <Filter>99.Utils</Filter>
    </ClInclude>
  </ItemGroup>
  <ItemGroup>
    <ResourceCompile Include="WindowsAPI.rc">
      <Filter>리소스 파일</Filter>
    </ResourceCompile>
  </ItemGroup>
  <ItemGroup>
    <Image Include="small.ico">
      <Filter>리소스 파일</Filter>
    </Image>
    <Image Include="WindowsAPI.ico">
      <Filter>리소스 파일</Filter>
    </Image>
  </ItemGroup>
  <ItemGroup>
    <ClCompile Include="WindowsAPI.cpp">
      <Filter>00.Main</Filter>
    </ClCompile>
    <ClCompile Include="pch.cpp">
      <Filter>99.Utils</Filter>
    </ClCompile>
    <ClCompile Include="CommonFunction.cpp">
      <Filter>99.Utils</Filter>
    </ClCompile>
    <ClCompile Include="20240329.cpp">
      <Filter>9999.Comments</Filter>
    </ClCompile>
    <ClCompile Include="Game.cpp">
      <Filter>00.Main</Filter>
    </ClCompile>
    <ClCompile Include="TimeManager.cpp">
      <Filter>01.Managers</Filter>
    </ClCompile>
    <ClCompile Include="InputManager.cpp">
      <Filter>01.Managers</Filter>
    </ClCompile>
    <ClCompile Include="SceneManager.cpp">
      <Filter>01.Managers</Filter>
    </ClCompile>
    <ClCompile Include="Scene.cpp">
      <Filter>02.Scenes</Filter>
    </ClCompile>
    <ClCompile Include="Dev1Scene.cpp">
      <Filter>02.Scenes\Game</Filter>
    </ClCompile>
    <ClCompile Include="Dev2Scene.cpp">
      <Filter>02.Scenes\Game</Filter>
    </ClCompile>
    <ClCompile Include="20240403.cpp">
      <Filter>9999.Comments</Filter>
    </ClCompile>
    <ClCompile Include="Vector2.cpp">
      <Filter>99.Utils\Types</Filter>
    </ClCompile>
    <ClCompile Include="CenterRect.cpp">
      <Filter>99.Utils\Types</Filter>
    </ClCompile>
    <ClCompile Include="PongGameScene.cpp">
      <Filter>02.Scenes\Game</Filter>
    </ClCompile>
    <ClCompile Include="BrickGameScene.cpp">
      <Filter>02.Scenes\Game</Filter>
    </ClCompile>
    <ClCompile Include="Actor.cpp">
      <Filter>03.Objects</Filter>
    </ClCompile>
    <ClCompile Include="Component.cpp">
      <Filter>04.Components</Filter>
    </ClCompile>
    <ClCompile Include="Collider.cpp">
      <Filter>04.Components\Collider</Filter>
    </ClCompile>
    <ClCompile Include="BoxCollider.cpp">
      <Filter>04.Components\Collider</Filter>
    </ClCompile>
    <ClCompile Include="CollisionManager.cpp">
      <Filter>01.Managers</Filter>
    </ClCompile>
    <ClCompile Include="PaddleActor.cpp">
      <Filter>03.Objects\BrickGame</Filter>
    </ClCompile>
    <ClCompile Include="BallActor.cpp">
      <Filter>03.Objects\BrickGame</Filter>
    </ClCompile>
    <ClCompile Include="20240412.cpp">
      <Filter>9999.Comments</Filter>
    </ClCompile>
    <ClCompile Include="WallActor.cpp">
      <Filter>03.Objects\BrickGame</Filter>
    </ClCompile>
    <ClCompile Include="BrickActor.cpp">
      <Filter>03.Objects\BrickGame</Filter>
    </ClCompile>
    <ClCompile Include="PlayerController.cpp">
      <Filter>03.Objects\BrickGame</Filter>
    </ClCompile>
    <ClCompile Include="ResourceBase.cpp">
      <Filter>05.Resources</Filter>
    </ClCompile>
    <ClCompile Include="ResourceManager.cpp">
      <Filter>01.Managers</Filter>
    </ClCompile>
    <ClCompile Include="Vector2Int.cpp">
      <Filter>99.Utils\Types</Filter>
    </ClCompile>
    <ClCompile Include="Texture.cpp">
      <Filter>05.Resources</Filter>
    </ClCompile>
    <ClCompile Include="CameraComponent.cpp">
      <Filter>04.Components</Filter>
    </ClCompile>
    <ClCompile Include="Sound.cpp">
      <Filter>05.Resources</Filter>
    </ClCompile>
    <ClCompile Include="Sprite.cpp">
      <Filter>05.Resources</Filter>
    </ClCompile>
    <ClCompile Include="Flipbook.cpp">
      <Filter>05.Resources</Filter>
    </ClCompile>
    <ClCompile Include="UI.cpp">
      <Filter>06.UI</Filter>
    </ClCompile>
    <ClCompile Include="Button.cpp">
      <Filter>06.UI</Filter>
    </ClCompile>
    <ClCompile Include="Image.cpp">
      <Filter>06.UI</Filter>
    </ClCompile>
    <ClCompile Include="Panel.cpp">
      <Filter>06.UI</Filter>
    </ClCompile>
    <ClCompile Include="TestPanel.cpp">
      <Filter>06.UI\Game</Filter>
    </ClCompile>
    <ClCompile Include="TilemapActor.cpp">
      <Filter>03.Objects</Filter>
    </ClCompile>
    <ClCompile Include="RandomManager.cpp">
      <Filter>01.Managers</Filter>
    </ClCompile>
    <ClCompile Include="SoundManager.cpp">
      <Filter>01.Managers</Filter>
    </ClCompile>
    <ClCompile Include="Tilemap.cpp">
      <Filter>05.Resources</Filter>
    </ClCompile>
  </ItemGroup>
  <ItemGroup>
    <None Include="20240327.cpp">
      <Filter>9999.Comments</Filter>
    </None>
  </ItemGroup>
</Project>